
Microsoft Visual Studio Solution File, Format Version 12.00
# Visual Studio 14
VisualStudioVersion = 14.0.25420.1
MinimumVisualStudioVersion = 10.0.40219.1
Project("{FAE04EC0-301F-11D3-BF4B-00C04F79EFBC}") = "Property.Rest.Repository", "Property.Rest.Repository\Property.Rest.Repository.csproj", "{3732BBA1-6546-4ACF-9944-742FEBD0F023}"
EndProject
Project("{FAE04EC0-301F-11D3-BF4B-00C04F79EFBC}") = "Property.Rest.Tests", "Property.Rest.Tests\Property.Rest.Tests.csproj", "{B65A93D9-3542-498E-8699-E33FBFEF8690}"
EndProject
Project("{FAE04EC0-301F-11D3-BF4B-00C04F79EFBC}") = "Property.Rest.BusinessEngine", "Property.Rest.BusinessEngine\Property.Rest.BusinessEngine.csproj", "{0A4B54FC-4031-4C96-BAE4-C2BD3EED9AFA}"
EndProject
Project("{FAE04EC0-301F-11D3-BF4B-00C04F79EFBC}") = "Property.Rest.Contracts", "Property.Rest.Contracts\Property.Rest.Contracts.csproj", "{14344C5F-852A-45C4-B970-EA92E393A8F2}"
EndProject
Project("{FAE04EC0-301F-11D3-BF4B-00C04F79EFBC}") = "Property.Rest.Services", "Property.Rest.Services\Property.Rest.Services.csproj", "{BEBB0D2F-8C37-4FE6-8BD9-857AB7EC0376}"
EndProject
Project("{FAE04EC0-301F-11D3-BF4B-00C04F79EFBC}") = "Property.Rest.Host", "Property.Rest.Host\Property.Rest.Host.csproj", "{67BCF607-F717-4AE4-AE72-693E4EF27AFA}"
EndProject
Global
	GlobalSection(SolutionConfigurationPlatforms) = preSolution
		Debug|Any CPU = Debug|Any CPU
		Release|Any CPU = Release|Any CPU
	EndGlobalSection
	GlobalSection(ProjectConfigurationPlatforms) = postSolution
		{3732BBA1-6546-4ACF-9944-742FEBD0F023}.Debug|Any CPU.ActiveCfg = Debug|Any CPU
		{3732BBA1-6546-4ACF-9944-742FEBD0F023}.Debug|Any CPU.Build.0 = Debug|Any CPU
		{3732BBA1-6546-4ACF-9944-742FEBD0F023}.Release|Any CPU.ActiveCfg = Release|Any CPU
		{3732BBA1-6546-4ACF-9944-742FEBD0F023}.Release|Any CPU.Build.0 = Release|Any CPU
		{B65A93D9-3542-498E-8699-E33FBFEF8690}.Debug|Any CPU.ActiveCfg = Debug|Any CPU
		{B65A93D9-3542-498E-8699-E33FBFEF8690}.Debug|Any CPU.Build.0 = Debug|Any CPU
		{B65A93D9-3542-498E-8699-E33FBFEF8690}.Release|Any CPU.ActiveCfg = Release|Any CPU
		{B65A93D9-3542-498E-8699-E33FBFEF8690}.Release|Any CPU.Build.0 = Release|Any CPU
		{0A4B54FC-4031-4C96-BAE4-C2BD3EED9AFA}.Debug|Any CPU.ActiveCfg = Debug|Any CPU
		{0A4B54FC-4031-4C96-BAE4-C2BD3EED9AFA}.Debug|Any CPU.Build.0 = Debug|Any CPU
		{0A4B54FC-4031-4C96-BAE4-C2BD3EED9AFA}.Release|Any CPU.ActiveCfg = Release|Any CPU
		{0A4B54FC-4031-4C96-BAE4-C2BD3EED9AFA}.Release|Any CPU.Build.0 = Release|Any CPU
		{14344C5F-852A-45C4-B970-EA92E393A8F2}.Debug|Any CPU.ActiveCfg = Debug|Any CPU
		{14344C5F-852A-45C4-B970-EA92E393A8F2}.Debug|Any CPU.Build.0 = Debug|Any CPU
		{14344C5F-852A-45C4-B970-EA92E393A8F2}.Release|Any CPU.ActiveCfg = Release|Any CPU
		{14344C5F-852A-45C4-B970-EA92E393A8F2}.Release|Any CPU.Build.0 = Release|Any CPU
		{BEBB0D2F-8C37-4FE6-8BD9-857AB7EC0376}.Debug|Any CPU.ActiveCfg = Debug|Any CPU
		{BEBB0D2F-8C37-4FE6-8BD9-857AB7EC0376}.Debug|Any CPU.Build.0 = Debug|Any CPU
		{BEBB0D2F-8C37-4FE6-8BD9-857AB7EC0376}.Release|Any CPU.ActiveCfg = Release|Any CPU
		{BEBB0D2F-8C37-4FE6-8BD9-857AB7EC0376}.Release|Any CPU.Build.0 = Release|Any CPU
		{67BCF607-F717-4AE4-AE72-693E4EF27AFA}.Debug|Any CPU.ActiveCfg = Debug|Any CPU
		{67BCF607-F717-4AE4-AE72-693E4EF27AFA}.Debug|Any CPU.Build.0 = Debug|Any CPU
		{67BCF607-F717-4AE4-AE72-693E4EF27AFA}.Release|Any CPU.ActiveCfg = Release|Any CPU
		{67BCF607-F717-4AE4-AE72-693E4EF27AFA}.Release|Any CPU.Build.0 = Release|Any CPU
	EndGlobalSection
	GlobalSection(SolutionProperties) = preSolution
		HideSolutionNode = FALSE
	EndGlobalSection
EndGlobal
